
Microsoft Visual Studio Solution File, Format Version 12.00
# Visual Studio Version 17
VisualStudioVersion = 17.12.35707.178 d17.12
MinimumVisualStudioVersion = 10.0.40219.1
Project("{FAE04EC0-301F-11D3-BF4B-00C04F79EFBC}") = "ConsoleAppTodoListNet", "ConsoleAppTodoListNet\ConsoleAppTodoListNet.csproj", "{44F6DE82-598C-423E-A0C2-4001B560280C}"
EndProject
Project("{2150E333-8FDC-42A3-9474-1A3956D46DE8}") = "Solution Items", "Solution Items", "{86BD74CE-136A-47C8-9EC6-B1296FB28FB2}"
	ProjectSection(SolutionItems) = preProject
		README.md = README.md
	EndProjectSection
EndProject
Global
	GlobalSection(SolutionConfigurationPlatforms) = preSolution
		Debug|Any CPU = Debug|Any CPU
		Release|Any CPU = Release|Any CPU
	EndGlobalSection
	GlobalSection(ProjectConfigurationPlatforms) = postSolution
		{44F6DE82-598C-423E-A0C2-4001B560280C}.Debug|Any CPU.ActiveCfg = Debug|Any CPU
		{44F6DE82-598C-423E-A0C2-4001B560280C}.Debug|Any CPU.Build.0 = Debug|Any CPU
		{44F6DE82-598C-423E-A0C2-4001B560280C}.Release|Any CPU.ActiveCfg = Release|Any CPU
		{44F6DE82-598C-423E-A0C2-4001B560280C}.Release|Any CPU.Build.0 = Release|Any CPU
	EndGlobalSection
	GlobalSection(SolutionProperties) = preSolution
		HideSolutionNode = FALSE
	EndGlobalSection
EndGlobal
